
Microsoft Visual Studio Solution File, Format Version 12.00
# Visual Studio 15
VisualStudioVersion = 15.0.28010.2050
MinimumVisualStudioVersion = 10.0.40219.1
Project("{FAE04EC0-301F-11D3-BF4B-00C04F79EFBC}") = "tem-S-S-S", "tem-S-S-S\tem-S-S-S.csproj", "{AB33DA58-A1BE-4EBB-985D-28CCE4AA33A8}"
EndProject
Project("{FAE04EC0-301F-11D3-BF4B-00C04F79EFBC}") = "tem-S-S-S.Tests", "tem-S-S-S.Tests\tem-S-S-S.Tests.csproj", "{00E4A6ED-74C9-49B1-9D4A-51D856DC6832}"
EndProject
Global
	GlobalSection(SolutionConfigurationPlatforms) = preSolution
		Debug|Any CPU = Debug|Any CPU
		Release|Any CPU = Release|Any CPU
	EndGlobalSection
	GlobalSection(ProjectConfigurationPlatforms) = postSolution
		{AB33DA58-A1BE-4EBB-985D-28CCE4AA33A8}.Debug|Any CPU.ActiveCfg = Debug|Any CPU
		{AB33DA58-A1BE-4EBB-985D-28CCE4AA33A8}.Debug|Any CPU.Build.0 = Debug|Any CPU
		{AB33DA58-A1BE-4EBB-985D-28CCE4AA33A8}.Release|Any CPU.ActiveCfg = Release|Any CPU
		{AB33DA58-A1BE-4EBB-985D-28CCE4AA33A8}.Release|Any CPU.Build.0 = Release|Any CPU
		{00E4A6ED-74C9-49B1-9D4A-51D856DC6832}.Debug|Any CPU.ActiveCfg = Debug|Any CPU
		{00E4A6ED-74C9-49B1-9D4A-51D856DC6832}.Debug|Any CPU.Build.0 = Debug|Any CPU
		{00E4A6ED-74C9-49B1-9D4A-51D856DC6832}.Release|Any CPU.ActiveCfg = Release|Any CPU
		{00E4A6ED-74C9-49B1-9D4A-51D856DC6832}.Release|Any CPU.Build.0 = Release|Any CPU
	EndGlobalSection
	GlobalSection(SolutionProperties) = preSolution
		HideSolutionNode = FALSE
	EndGlobalSection
	GlobalSection(ExtensibilityGlobals) = postSolution
		SolutionGuid = {4711E9B7-18CB-4CFE-AD5B-DAB04739D7C6}
	EndGlobalSection
EndGlobal
